
Microsoft Visual Studio Solution File, Format Version 12.00
# Visual Studio Version 16
VisualStudioVersion = 16.0.30804.86
MinimumVisualStudioVersion = 10.0.40219.1
Project("{FAE04EC0-301F-11D3-BF4B-00C04F79EFBC}") = "DZ1-2", "DZ1-2.csproj", "{97668E73-BA33-4407-A81B-D569BD02D1FF}"
EndProject
Global
	GlobalSection(SolutionConfigurationPlatforms) = preSolution
		Debug|Any CPU = Debug|Any CPU
		Release|Any CPU = Release|Any CPU
	EndGlobalSection
	GlobalSection(ProjectConfigurationPlatforms) = postSolution
		{97668E73-BA33-4407-A81B-D569BD02D1FF}.Debug|Any CPU.ActiveCfg = Debug|Any CPU
		{97668E73-BA33-4407-A81B-D569BD02D1FF}.Debug|Any CPU.Build.0 = Debug|Any CPU
		{97668E73-BA33-4407-A81B-D569BD02D1FF}.Release|Any CPU.ActiveCfg = Release|Any CPU
		{97668E73-BA33-4407-A81B-D569BD02D1FF}.Release|Any CPU.Build.0 = Release|Any CPU
	EndGlobalSection
	GlobalSection(SolutionProperties) = preSolution
		HideSolutionNode = FALSE
	EndGlobalSection
	GlobalSection(ExtensibilityGlobals) = postSolution
		SolutionGuid = {26669ECA-5C71-4D2C-8E22-D04310D9FD87}
	EndGlobalSection
EndGlobal
